
Microsoft Visual Studio Solution File, Format Version 12.00
# Visual Studio Version 17
VisualStudioVersion = 17.5.002.0
MinimumVisualStudioVersion = 10.0.40219.1
Project("{9A19103F-16F7-4668-BE54-9A1E7A4F7556}") = "Cebolinha", "Cebolinha.csproj", "{A3088231-4C1B-45CB-B835-00D027C2B893}"
EndProject
Global
	GlobalSection(SolutionConfigurationPlatforms) = preSolution
		Debug|Any CPU = Debug|Any CPU
		Release|Any CPU = Release|Any CPU
	EndGlobalSection
	GlobalSection(ProjectConfigurationPlatforms) = postSolution
		{A3088231-4C1B-45CB-B835-00D027C2B893}.Debug|Any CPU.ActiveCfg = Debug|Any CPU
		{A3088231-4C1B-45CB-B835-00D027C2B893}.Debug|Any CPU.Build.0 = Debug|Any CPU
		{A3088231-4C1B-45CB-B835-00D027C2B893}.Release|Any CPU.ActiveCfg = Release|Any CPU
		{A3088231-4C1B-45CB-B835-00D027C2B893}.Release|Any CPU.Build.0 = Release|Any CPU
	EndGlobalSection
	GlobalSection(SolutionProperties) = preSolution
		HideSolutionNode = FALSE
	EndGlobalSection
	GlobalSection(ExtensibilityGlobals) = postSolution
		SolutionGuid = {B45D7812-7761-40FD-A6AC-849EAE095326}
	EndGlobalSection
EndGlobal
